
Microsoft Visual Studio Solution File, Format Version 12.00
# Visual Studio Version 17
VisualStudioVersion = 17.10.34916.146
MinimumVisualStudioVersion = 10.0.40219.1
Project("{FAE04EC0-301F-11D3-BF4B-00C04F79EFBC}") = "peng-tim-2d-game-project", "peng-tim-2d-game-project\peng-tim-2d-game-project.csproj", "{6ED952C5-1CE8-405C-9D9F-883131CFFC60}"
EndProject
Global
	GlobalSection(SolutionConfigurationPlatforms) = preSolution
		Debug|Any CPU = Debug|Any CPU
		Release|Any CPU = Release|Any CPU
	EndGlobalSection
	GlobalSection(ProjectConfigurationPlatforms) = postSolution
		{6ED952C5-1CE8-405C-9D9F-883131CFFC60}.Debug|Any CPU.ActiveCfg = Debug|Any CPU
		{6ED952C5-1CE8-405C-9D9F-883131CFFC60}.Debug|Any CPU.Build.0 = Debug|Any CPU
		{6ED952C5-1CE8-405C-9D9F-883131CFFC60}.Release|Any CPU.ActiveCfg = Release|Any CPU
		{6ED952C5-1CE8-405C-9D9F-883131CFFC60}.Release|Any CPU.Build.0 = Release|Any CPU
	EndGlobalSection
	GlobalSection(SolutionProperties) = preSolution
		HideSolutionNode = FALSE
	EndGlobalSection
	GlobalSection(ExtensibilityGlobals) = postSolution
		SolutionGuid = {9EC64B9C-882E-4E22-8A72-E7CED87A345E}
	EndGlobalSection
EndGlobal
